
Microsoft Visual Studio Solution File, Format Version 12.00
# Visual Studio 15
VisualStudioVersion = 15.0.28010.2048
MinimumVisualStudioVersion = 10.0.40219.1
Project("{FAE04EC0-301F-11D3-BF4B-00C04F79EFBC}") = "WpfApp1", "WpfApp1\WpfApp1.csproj", "{84BC51BD-B916-47F9-9299-7B8EA6AD2042}"
EndProject
Global
	GlobalSection(SolutionConfigurationPlatforms) = preSolution
		Debug|Any CPU = Debug|Any CPU
		Release|Any CPU = Release|Any CPU
	EndGlobalSection
	GlobalSection(ProjectConfigurationPlatforms) = postSolution
		{84BC51BD-B916-47F9-9299-7B8EA6AD2042}.Debug|Any CPU.ActiveCfg = Debug|Any CPU
		{84BC51BD-B916-47F9-9299-7B8EA6AD2042}.Debug|Any CPU.Build.0 = Debug|Any CPU
		{84BC51BD-B916-47F9-9299-7B8EA6AD2042}.Release|Any CPU.ActiveCfg = Release|Any CPU
		{84BC51BD-B916-47F9-9299-7B8EA6AD2042}.Release|Any CPU.Build.0 = Release|Any CPU
	EndGlobalSection
	GlobalSection(SolutionProperties) = preSolution
		HideSolutionNode = FALSE
	EndGlobalSection
	GlobalSection(ExtensibilityGlobals) = postSolution
		SolutionGuid = {4D4703BB-7F20-4C1C-85DE-DC820D20A5F4}
	EndGlobalSection
EndGlobal
