
Microsoft Visual Studio Solution File, Format Version 12.00
# Visual Studio 15
VisualStudioVersion = 15.0.28010.2048
MinimumVisualStudioVersion = 10.0.40219.1
Project("{FAE04EC0-301F-11D3-BF4B-00C04F79EFBC}") = "WindowsFormsApp1", "WindowsFormsApp1\WindowsFormsApp1.csproj", "{035B71BE-7478-4D4D-9A2C-8971C09EEADD}"
EndProject
Global
	GlobalSection(SolutionConfigurationPlatforms) = preSolution
		Debug|Any CPU = Debug|Any CPU
		Release|Any CPU = Release|Any CPU
	EndGlobalSection
	GlobalSection(ProjectConfigurationPlatforms) = postSolution
		{035B71BE-7478-4D4D-9A2C-8971C09EEADD}.Debug|Any CPU.ActiveCfg = Debug|Any CPU
		{035B71BE-7478-4D4D-9A2C-8971C09EEADD}.Debug|Any CPU.Build.0 = Debug|Any CPU
		{035B71BE-7478-4D4D-9A2C-8971C09EEADD}.Release|Any CPU.ActiveCfg = Release|Any CPU
		{035B71BE-7478-4D4D-9A2C-8971C09EEADD}.Release|Any CPU.Build.0 = Release|Any CPU
	EndGlobalSection
	GlobalSection(SolutionProperties) = preSolution
		HideSolutionNode = FALSE
	EndGlobalSection
	GlobalSection(ExtensibilityGlobals) = postSolution
		SolutionGuid = {3674D767-4DDC-4020-AFCE-FC299406578D}
	EndGlobalSection
EndGlobal
